
Microsoft Visual Studio Solution File, Format Version 12.00
# Visual Studio Version 16
VisualStudioVersion = 16.0.29509.3
MinimumVisualStudioVersion = 10.0.40219.1
Project("{2150E333-8FDC-42A3-9474-1A3956D46DE8}") = "Application", "Application", "{6B62F9FD-07BD-4663-92F5-05F5E833170F}"
EndProject
Project("{2150E333-8FDC-42A3-9474-1A3956D46DE8}") = "Infra.IoC", "Infra.IoC", "{5C0DEB54-BF0D-4CBC-B701-76D0804B1666}"
EndProject
Project("{2150E333-8FDC-42A3-9474-1A3956D46DE8}") = "Infra.Data", "Infra.Data", "{22A463CB-E9FF-4CD6-92A6-7BCB3911B6DC}"
EndProject
Project("{2150E333-8FDC-42A3-9474-1A3956D46DE8}") = "Presentation", "Presentation", "{6EF701A8-E5C1-4345-9235-27621B1D8307}"
EndProject
Project("{9A19103F-16F7-4668-BE54-9A1E7A4F7556}") = "CleanArch.Mvc", "CleanArch.Mvc\CleanArch.Mvc.csproj", "{16565409-3FA6-4D17-AF15-A89C75580464}"
EndProject
Project("{2150E333-8FDC-42A3-9474-1A3956D46DE8}") = "Domain", "Domain", "{FE1889F8-3530-4A96-BB54-54661E815213}"
EndProject
Project("{9A19103F-16F7-4668-BE54-9A1E7A4F7556}") = "CleanArch.Domain", "CleanArch.Domain\CleanArch.Domain.csproj", "{738C6B2C-EADB-4D36-B73E-C3E05C5C1D77}"
EndProject
Project("{9A19103F-16F7-4668-BE54-9A1E7A4F7556}") = "CleanArch.Infra.Data", "CleanArch.Infra.Data\CleanArch.Infra.Data.csproj", "{904B7E0F-67B3-471F-BA39-2DCD59CD707C}"
EndProject
Project("{9A19103F-16F7-4668-BE54-9A1E7A4F7556}") = "CleanArch.Application", "CleanArch.Application\CleanArch.Application.csproj", "{67C76900-3BDB-482F-8430-BBA268A4167C}"
EndProject
Project("{9A19103F-16F7-4668-BE54-9A1E7A4F7556}") = "CleanArch.Infra.IoC", "CleanArch.Infra.IoC\CleanArch.Infra.IoC.csproj", "{D0BAA574-1213-46C8-827B-729648FCE148}"
EndProject
Project("{2150E333-8FDC-42A3-9474-1A3956D46DE8}") = "Infra.Bus", "Infra.Bus", "{17FC3C7F-C659-4998-A967-A51F3911FEA8}"
EndProject
Project("{2150E333-8FDC-42A3-9474-1A3956D46DE8}") = "Api", "Api", "{32C2F5A5-381D-438C-B97E-9290AD500187}"
EndProject
Global
	GlobalSection(SolutionConfigurationPlatforms) = preSolution
		Debug|Any CPU = Debug|Any CPU
		Release|Any CPU = Release|Any CPU
	EndGlobalSection
	GlobalSection(ProjectConfigurationPlatforms) = postSolution
		{16565409-3FA6-4D17-AF15-A89C75580464}.Debug|Any CPU.ActiveCfg = Debug|Any CPU
		{16565409-3FA6-4D17-AF15-A89C75580464}.Debug|Any CPU.Build.0 = Debug|Any CPU
		{16565409-3FA6-4D17-AF15-A89C75580464}.Release|Any CPU.ActiveCfg = Release|Any CPU
		{16565409-3FA6-4D17-AF15-A89C75580464}.Release|Any CPU.Build.0 = Release|Any CPU
		{738C6B2C-EADB-4D36-B73E-C3E05C5C1D77}.Debug|Any CPU.ActiveCfg = Debug|Any CPU
		{738C6B2C-EADB-4D36-B73E-C3E05C5C1D77}.Debug|Any CPU.Build.0 = Debug|Any CPU
		{738C6B2C-EADB-4D36-B73E-C3E05C5C1D77}.Release|Any CPU.ActiveCfg = Release|Any CPU
		{738C6B2C-EADB-4D36-B73E-C3E05C5C1D77}.Release|Any CPU.Build.0 = Release|Any CPU
		{904B7E0F-67B3-471F-BA39-2DCD59CD707C}.Debug|Any CPU.ActiveCfg = Debug|Any CPU
		{904B7E0F-67B3-471F-BA39-2DCD59CD707C}.Debug|Any CPU.Build.0 = Debug|Any CPU
		{904B7E0F-67B3-471F-BA39-2DCD59CD707C}.Release|Any CPU.ActiveCfg = Release|Any CPU
		{904B7E0F-67B3-471F-BA39-2DCD59CD707C}.Release|Any CPU.Build.0 = Release|Any CPU
		{67C76900-3BDB-482F-8430-BBA268A4167C}.Debug|Any CPU.ActiveCfg = Debug|Any CPU
		{67C76900-3BDB-482F-8430-BBA268A4167C}.Debug|Any CPU.Build.0 = Debug|Any CPU
		{67C76900-3BDB-482F-8430-BBA268A4167C}.Release|Any CPU.ActiveCfg = Release|Any CPU
		{67C76900-3BDB-482F-8430-BBA268A4167C}.Release|Any CPU.Build.0 = Release|Any CPU
		{D0BAA574-1213-46C8-827B-729648FCE148}.Debug|Any CPU.ActiveCfg = Debug|Any CPU
		{D0BAA574-1213-46C8-827B-729648FCE148}.Debug|Any CPU.Build.0 = Debug|Any CPU
		{D0BAA574-1213-46C8-827B-729648FCE148}.Release|Any CPU.ActiveCfg = Release|Any CPU
		{D0BAA574-1213-46C8-827B-729648FCE148}.Release|Any CPU.Build.0 = Release|Any CPU
	EndGlobalSection
	GlobalSection(SolutionProperties) = preSolution
		HideSolutionNode = FALSE
	EndGlobalSection
	GlobalSection(NestedProjects) = preSolution
		{16565409-3FA6-4D17-AF15-A89C75580464} = {6EF701A8-E5C1-4345-9235-27621B1D8307}
		{738C6B2C-EADB-4D36-B73E-C3E05C5C1D77} = {FE1889F8-3530-4A96-BB54-54661E815213}
		{904B7E0F-67B3-471F-BA39-2DCD59CD707C} = {22A463CB-E9FF-4CD6-92A6-7BCB3911B6DC}
		{67C76900-3BDB-482F-8430-BBA268A4167C} = {6B62F9FD-07BD-4663-92F5-05F5E833170F}
		{D0BAA574-1213-46C8-827B-729648FCE148} = {5C0DEB54-BF0D-4CBC-B701-76D0804B1666}
	EndGlobalSection
	GlobalSection(ExtensibilityGlobals) = postSolution
		SolutionGuid = {6130DF8A-83BE-425B-89B8-61D1C9342E65}
	EndGlobalSection
EndGlobal
